
Microsoft Visual Studio Solution File, Format Version 12.00
# Visual Studio 14
VisualStudioVersion = 14.0.25420.1
MinimumVisualStudioVersion = 10.0.40219.1
Project("{FAE04EC0-301F-11D3-BF4B-00C04F79EFBC}") = "CinesAquiMismoWeb", "CinesAquiMismoWeb\CinesAquiMismoWeb.csproj", "{CE9F66C8-049C-423A-A929-3C81D146F2FB}"
EndProject
Project("{FAE04EC0-301F-11D3-BF4B-00C04F79EFBC}") = "LogicaNegocioyADatos", "LogicaNegocioyADatos\LogicaNegocioyADatos.csproj", "{7F346460-BC6A-45C4-8735-0C212A04E41D}"
EndProject
Global
	GlobalSection(SolutionConfigurationPlatforms) = preSolution
		Debug|Any CPU = Debug|Any CPU
		Release|Any CPU = Release|Any CPU
	EndGlobalSection
	GlobalSection(ProjectConfigurationPlatforms) = postSolution
		{CE9F66C8-049C-423A-A929-3C81D146F2FB}.Debug|Any CPU.ActiveCfg = Debug|Any CPU
		{CE9F66C8-049C-423A-A929-3C81D146F2FB}.Debug|Any CPU.Build.0 = Debug|Any CPU
		{CE9F66C8-049C-423A-A929-3C81D146F2FB}.Release|Any CPU.ActiveCfg = Release|Any CPU
		{CE9F66C8-049C-423A-A929-3C81D146F2FB}.Release|Any CPU.Build.0 = Release|Any CPU
		{7F346460-BC6A-45C4-8735-0C212A04E41D}.Debug|Any CPU.ActiveCfg = Debug|Any CPU
		{7F346460-BC6A-45C4-8735-0C212A04E41D}.Debug|Any CPU.Build.0 = Debug|Any CPU
		{7F346460-BC6A-45C4-8735-0C212A04E41D}.Release|Any CPU.ActiveCfg = Release|Any CPU
		{7F346460-BC6A-45C4-8735-0C212A04E41D}.Release|Any CPU.Build.0 = Release|Any CPU
	EndGlobalSection
	GlobalSection(SolutionProperties) = preSolution
		HideSolutionNode = FALSE
	EndGlobalSection
EndGlobal
